{
  "name": "interactive-card-details-form-main",
  "lockfileVersion": 2,
  "requires": true,
  "packages": {
    "": {
      "dependencies": {
        "fitty": "^2.3.6"
      }
    },
    "node_modules/fitty": {
      "version": "2.3.6",
      "resolved": "https://registry.npmjs.org/fitty/-/fitty-2.3.6.tgz",
      "integrity": "sha512-ENp/+MqqYmXBGHC0dlltCX75+5zL5m0uiIGCgYdoThao99BrJpNYzEh3xrvhiy4b7O5X82CQT7dPTiB53H6stw=="
    }
  },
  "dependencies": {
    "fitty": {
      "version": "2.3.6",
      "resolved": "https://registry.npmjs.org/fitty/-/fitty-2.3.6.tgz",
      "integrity": "sha512-ENp/+MqqYmXBGHC0dlltCX75+5zL5m0uiIGCgYdoThao99BrJpNYzEh3xrvhiy4b7O5X82CQT7dPTiB53H6stw=="
    }
  }
}
